{
  "name": "hsmjs-commonjs-test",
  "version": "1.0.0",
  "lockfileVersion": 3,
  "requires": true,
  "packages": {
    "": {
      "name": "hsmjs-commonjs-test",
      "version": "1.0.0",
      "dependencies": {
        "hsmjs": "file:../../../hsmjs-0.1.0.tgz"
      }
    },
    "node_modules/hsmjs": {
      "version": "0.1.0",
      "resolved": "file:../../../hsmjs-0.1.0.tgz",
      "integrity": "sha512-IHl3b93uQhRPyZbmwD/r8aLZCMthk98wEuZPlSqapQSZJhtSGd3tnrPGlSuOwP+0TKm5mcuNf5/ppC9oT9a2jg==",
      "license": "MIT",
      "engines": {
        "node": ">=14.0.0"
      }
    }
  }
}
