{
  "name": "@datnguyen1215/hsmjs-commonjs-test",
  "version": "1.0.0",
  "lockfileVersion": 3,
  "requires": true,
  "packages": {
    "": {
      "name": "@datnguyen1215/hsmjs-commonjs-test",
      "version": "1.0.0",
      "dependencies": {
        "@datnguyen1215/hsmjs": "file:../../.."
      }
    },
    "../../..": {
      "name": "@datnguyen1215/hsmjs",
      "version": "2.2.0",
      "license": "MIT",
      "devDependencies": {
        "@rollup/plugin-commonjs": "^28.0.6",
        "@rollup/plugin-node-resolve": "^16.0.1",
        "@rollup/plugin-terser": "^0.4.4",
        "jest": "^30.0.5",
        "rollup": "^2.79.2"
      },
      "engines": {
        "node": ">=20.0.0"
      }
    },
    "node_modules/@datnguyen1215/hsmjs": {
      "resolved": "../../..",
      "link": true
    }
  }
}
